<?xml version="1.0" encoding="utf-8"?>
<Project ToolsVersion="4.0" xmlns="http://schemas.microsoft.com/developer/msbuild/2003">
  <ItemGroup>
    <FxCompile Include="ps.hlsl" />
    <FxCompile Include="vs.hlsl" />
  </ItemGroup>
  <ItemGroup>
    <ClCompile Include="main.cpp" />
    <ClCompile Include="impl_d3d11.cpp" />
    <ClCompile Include="..\imgui\imgui.cpp">
      <Filter>ImGui</Filter>
    </ClCompile>
    <ClCompile Include="..\imgui\imgui_draw.cpp">
      <Filter>ImGui</Filter>
    </ClCompile>
    <ClCompile Include="..\metrics_gui\source\metrics_gui.cpp">
      <Filter>MetricsGui</Filter>
    </ClCompile>
    <ClCompile Include="..\imgui\examples\imgui_impl_dx11.cpp">
      <Filter>ImGui</Filter>
    </ClCompile>
    <ClCompile Include="..\imgui\examples\imgui_impl_win32.cpp">
      <Filter>ImGui</Filter>
    </ClCompile>
    <ClCompile Include="..\imgui\imgui_widgets.cpp">
      <Filter>ImGui</Filter>
    </ClCompile>
  </ItemGroup>
  <ItemGroup>
    <ClInclude Include="impl.h" />
    <ClInclude Include="impl_d3d11.h" />
    <ClInclude Include="impl_d3d12.h" />
    <ClInclude Include="..\imgui\imgui.h">
      <Filter>ImGui</Filter>
    </ClInclude>
    <ClInclude Include="..\imgui\imgui_internal.h">
      <Filter>ImGui</Filter>
    </ClInclude>
    <ClInclude Include="..\imgui\imconfig.h">
      <Filter>ImGui</Filter>
    </ClInclude>
    <ClInclude Include="..\metrics_gui\include\metrics_gui\metrics_gui.h">
      <Filter>MetricsGui</Filter>
    </ClInclude>
    <ClInclude Include="..\imgui\examples\imgui_impl_dx11.h">
      <Filter>ImGui</Filter>
    </ClInclude>
    <ClInclude Include="..\imgui\examples\imgui_impl_dx12.h">
      <Filter>ImGui</Filter>
    </ClInclude>
    <ClInclude Include="..\imgui\examples\imgui_impl_win32.h">
      <Filter>ImGui</Filter>
    </ClInclude>
  </ItemGroup>
  <ItemGroup>
    <Filter Include="MetricsGui">
      <UniqueIdentifier>{a4c74acf-e348-4e8d-a4c4-b47f2efb94c3}</UniqueIdentifier>
    </Filter>
    <Filter Include="ImGui">
      <UniqueIdentifier>{c4173451-4325-4b8b-8867-6735f1889515}</UniqueIdentifier>
    </Filter>
  </ItemGroup>
</Project>